
Microsoft Visual Studio Solution File, Format Version 12.00
# Visual Studio Version 17
VisualStudioVersion = 17.9.34728.123
MinimumVisualStudioVersion = 10.0.40219.1
Project("{FAE04EC0-301F-11D3-BF4B-00C04F79EFBC}") = "TrabOperacoesNumero", "TrabOperacoesNumero\TrabOperacoesNumero.csproj", "{AA76F82E-A72C-4D0D-A96B-E4F1525A7B59}"
EndProject
Global
	GlobalSection(SolutionConfigurationPlatforms) = preSolution
		Debug|Any CPU = Debug|Any CPU
		Release|Any CPU = Release|Any CPU
	EndGlobalSection
	GlobalSection(ProjectConfigurationPlatforms) = postSolution
		{AA76F82E-A72C-4D0D-A96B-E4F1525A7B59}.Debug|Any CPU.ActiveCfg = Debug|Any CPU
		{AA76F82E-A72C-4D0D-A96B-E4F1525A7B59}.Debug|Any CPU.Build.0 = Debug|Any CPU
		{AA76F82E-A72C-4D0D-A96B-E4F1525A7B59}.Release|Any CPU.ActiveCfg = Release|Any CPU
		{AA76F82E-A72C-4D0D-A96B-E4F1525A7B59}.Release|Any CPU.Build.0 = Release|Any CPU
	EndGlobalSection
	GlobalSection(SolutionProperties) = preSolution
		HideSolutionNode = FALSE
	EndGlobalSection
	GlobalSection(ExtensibilityGlobals) = postSolution
		SolutionGuid = {57B5424E-AC21-4952-8EFE-FFAB8802E265}
	EndGlobalSection
EndGlobal
